
Microsoft Visual Studio Solution File, Format Version 12.00
# Visual Studio Version 17
VisualStudioVersion = 17.4.33213.308
MinimumVisualStudioVersion = 10.0.40219.1
Project("{2150E333-8FDC-42A3-9474-1A3956D46DE8}") = "Cloud", "Cloud", "{7E107F22-F3C6-4050-9065-1D9062101E18}"
EndProject
Project("{2150E333-8FDC-42A3-9474-1A3956D46DE8}") = "Backend", "Backend", "{CDB5A6DA-CE90-4B8F-AF94-E14A30E5E84B}"
EndProject
Project("{2150E333-8FDC-42A3-9474-1A3956D46DE8}") = "Common", "Common", "{7C31B3AB-762C-4ADE-970D-9D2B35E666E7}"
EndProject
Project("{9A19103F-16F7-4668-BE54-9A1E7A4F7556}") = "MessageBroker", "Common\MessageBroker\MessageBroker.csproj", "{78364045-8DAF-42BC-BEE4-12EF0C38C3EA}"
EndProject
Project("{9A19103F-16F7-4668-BE54-9A1E7A4F7556}") = "MatchParser.Storage", "Backend\MatchParser.Storage\MatchParser.Storage.csproj", "{30E22390-F05E-46FA-A84B-03C719AF83DB}"
EndProject
Project("{9A19103F-16F7-4668-BE54-9A1E7A4F7556}") = "MatchParser.Service", "Backend\MatchParser.Service\MatchParser.Service.csproj", "{5F1AEFE6-5504-4FC4-A65E-B21449BA52BC}"
EndProject
Project("{9A19103F-16F7-4668-BE54-9A1E7A4F7556}") = "Http", "Common\Http\Http.csproj", "{4722AB15-FEA0-4177-8E1C-A4197B7401F3}"
EndProject
Project("{9A19103F-16F7-4668-BE54-9A1E7A4F7556}") = "Common", "Common\Common\Common.csproj", "{08508E6A-FDCF-431F-8837-A961750FCDF3}"
EndProject
Project("{9A19103F-16F7-4668-BE54-9A1E7A4F7556}") = "MatchParser.Contract", "Backend\MatchParser.Contract\MatchParser.Contract.csproj", "{FBB0FADE-4EF3-4FC9-98C6-08630859DC53}"
EndProject
Project("{9A19103F-16F7-4668-BE54-9A1E7A4F7556}") = "DraftPrediction.Contract", "Cloud\DraftPrediction.Contract\DraftPrediction.Contract.csproj", "{85FDC974-993F-4D6C-BD50-787D843248A1}"
EndProject
Project("{9A19103F-16F7-4668-BE54-9A1E7A4F7556}") = "DraftPrediction", "Cloud\DraftPrediction\DraftPrediction.csproj", "{3E8CDC04-A4A2-49D2-B95B-75A960DBCCF4}"
EndProject
Project("{FAE04EC0-301F-11D3-BF4B-00C04F79EFBC}") = "ModelPredictionRedirector", "Cloud\ModelPredictionRedirector\ModelPredictionRedirector.csproj", "{00D95383-EBAF-4042-90F6-F52E7761E16A}"
EndProject
Global
	GlobalSection(SolutionConfigurationPlatforms) = preSolution
		Debug|Any CPU = Debug|Any CPU
		Release|Any CPU = Release|Any CPU
	EndGlobalSection
	GlobalSection(ProjectConfigurationPlatforms) = postSolution
		{78364045-8DAF-42BC-BEE4-12EF0C38C3EA}.Debug|Any CPU.ActiveCfg = Debug|Any CPU
		{78364045-8DAF-42BC-BEE4-12EF0C38C3EA}.Debug|Any CPU.Build.0 = Debug|Any CPU
		{78364045-8DAF-42BC-BEE4-12EF0C38C3EA}.Release|Any CPU.ActiveCfg = Release|Any CPU
		{78364045-8DAF-42BC-BEE4-12EF0C38C3EA}.Release|Any CPU.Build.0 = Release|Any CPU
		{30E22390-F05E-46FA-A84B-03C719AF83DB}.Debug|Any CPU.ActiveCfg = Debug|Any CPU
		{30E22390-F05E-46FA-A84B-03C719AF83DB}.Debug|Any CPU.Build.0 = Debug|Any CPU
		{30E22390-F05E-46FA-A84B-03C719AF83DB}.Release|Any CPU.ActiveCfg = Release|Any CPU
		{30E22390-F05E-46FA-A84B-03C719AF83DB}.Release|Any CPU.Build.0 = Release|Any CPU
		{5F1AEFE6-5504-4FC4-A65E-B21449BA52BC}.Debug|Any CPU.ActiveCfg = Debug|Any CPU
		{5F1AEFE6-5504-4FC4-A65E-B21449BA52BC}.Debug|Any CPU.Build.0 = Debug|Any CPU
		{5F1AEFE6-5504-4FC4-A65E-B21449BA52BC}.Release|Any CPU.ActiveCfg = Release|Any CPU
		{5F1AEFE6-5504-4FC4-A65E-B21449BA52BC}.Release|Any CPU.Build.0 = Release|Any CPU
		{4722AB15-FEA0-4177-8E1C-A4197B7401F3}.Debug|Any CPU.ActiveCfg = Debug|Any CPU
		{4722AB15-FEA0-4177-8E1C-A4197B7401F3}.Debug|Any CPU.Build.0 = Debug|Any CPU
		{4722AB15-FEA0-4177-8E1C-A4197B7401F3}.Release|Any CPU.ActiveCfg = Release|Any CPU
		{4722AB15-FEA0-4177-8E1C-A4197B7401F3}.Release|Any CPU.Build.0 = Release|Any CPU
		{08508E6A-FDCF-431F-8837-A961750FCDF3}.Debug|Any CPU.ActiveCfg = Debug|Any CPU
		{08508E6A-FDCF-431F-8837-A961750FCDF3}.Debug|Any CPU.Build.0 = Debug|Any CPU
		{08508E6A-FDCF-431F-8837-A961750FCDF3}.Release|Any CPU.ActiveCfg = Release|Any CPU
		{08508E6A-FDCF-431F-8837-A961750FCDF3}.Release|Any CPU.Build.0 = Release|Any CPU
		{FBB0FADE-4EF3-4FC9-98C6-08630859DC53}.Debug|Any CPU.ActiveCfg = Debug|Any CPU
		{FBB0FADE-4EF3-4FC9-98C6-08630859DC53}.Debug|Any CPU.Build.0 = Debug|Any CPU
		{FBB0FADE-4EF3-4FC9-98C6-08630859DC53}.Release|Any CPU.ActiveCfg = Release|Any CPU
		{FBB0FADE-4EF3-4FC9-98C6-08630859DC53}.Release|Any CPU.Build.0 = Release|Any CPU
		{85FDC974-993F-4D6C-BD50-787D843248A1}.Debug|Any CPU.ActiveCfg = Debug|Any CPU
		{85FDC974-993F-4D6C-BD50-787D843248A1}.Debug|Any CPU.Build.0 = Debug|Any CPU
		{85FDC974-993F-4D6C-BD50-787D843248A1}.Release|Any CPU.ActiveCfg = Release|Any CPU
		{85FDC974-993F-4D6C-BD50-787D843248A1}.Release|Any CPU.Build.0 = Release|Any CPU
		{3E8CDC04-A4A2-49D2-B95B-75A960DBCCF4}.Debug|Any CPU.ActiveCfg = Debug|Any CPU
		{3E8CDC04-A4A2-49D2-B95B-75A960DBCCF4}.Debug|Any CPU.Build.0 = Debug|Any CPU
		{3E8CDC04-A4A2-49D2-B95B-75A960DBCCF4}.Release|Any CPU.ActiveCfg = Release|Any CPU
		{3E8CDC04-A4A2-49D2-B95B-75A960DBCCF4}.Release|Any CPU.Build.0 = Release|Any CPU
		{00D95383-EBAF-4042-90F6-F52E7761E16A}.Debug|Any CPU.ActiveCfg = Debug|Any CPU
		{00D95383-EBAF-4042-90F6-F52E7761E16A}.Debug|Any CPU.Build.0 = Debug|Any CPU
		{00D95383-EBAF-4042-90F6-F52E7761E16A}.Release|Any CPU.ActiveCfg = Release|Any CPU
		{00D95383-EBAF-4042-90F6-F52E7761E16A}.Release|Any CPU.Build.0 = Release|Any CPU
	EndGlobalSection
	GlobalSection(SolutionProperties) = preSolution
		HideSolutionNode = FALSE
	EndGlobalSection
	GlobalSection(NestedProjects) = preSolution
		{78364045-8DAF-42BC-BEE4-12EF0C38C3EA} = {7C31B3AB-762C-4ADE-970D-9D2B35E666E7}
		{30E22390-F05E-46FA-A84B-03C719AF83DB} = {CDB5A6DA-CE90-4B8F-AF94-E14A30E5E84B}
		{5F1AEFE6-5504-4FC4-A65E-B21449BA52BC} = {CDB5A6DA-CE90-4B8F-AF94-E14A30E5E84B}
		{4722AB15-FEA0-4177-8E1C-A4197B7401F3} = {7C31B3AB-762C-4ADE-970D-9D2B35E666E7}
		{08508E6A-FDCF-431F-8837-A961750FCDF3} = {7C31B3AB-762C-4ADE-970D-9D2B35E666E7}
		{FBB0FADE-4EF3-4FC9-98C6-08630859DC53} = {CDB5A6DA-CE90-4B8F-AF94-E14A30E5E84B}
		{85FDC974-993F-4D6C-BD50-787D843248A1} = {7E107F22-F3C6-4050-9065-1D9062101E18}
		{3E8CDC04-A4A2-49D2-B95B-75A960DBCCF4} = {7E107F22-F3C6-4050-9065-1D9062101E18}
		{00D95383-EBAF-4042-90F6-F52E7761E16A} = {7E107F22-F3C6-4050-9065-1D9062101E18}
	EndGlobalSection
	GlobalSection(ExtensibilityGlobals) = postSolution
		SolutionGuid = {B4047A30-1DBC-4B14-A3C1-403B801D4113}
	EndGlobalSection
EndGlobal
